// !$*UTF8*$!
{
	archiveVersion = 1;
	classes = {
	};
	objectVersion = 50;
	objects = {

/* Begin PBXBuildFile section */
		0EBECCABFB3C2037C0C67A69 /* Pods_LoginSwiftUI2.framework in Frameworks */ = {isa = PBXBuildFile; fileRef = 7E17AFF90285F38FCD14B6F1 /* Pods_LoginSwiftUI2.framework */; };
		B9B90576262A96AE00D1FFBD /* LoginSwiftUI2App.swift in Sources */ = {isa = PBXBuildFile; fileRef = B9B90575262A96AE00D1FFBD /* LoginSwiftUI2App.swift */; };
		B9B90578262A96AE00D1FFBD /* ContentView.swift in Sources */ = {isa = PBXBuildFile; fileRef = B9B90577262A96AE00D1FFBD /* ContentView.swift */; };
		B9B9057A262A96B000D1FFBD /* Assets.xcassets in Resources */ = {isa = PBXBuildFile; fileRef = B9B90579262A96B000D1FFBD /* Assets.xcassets */; };
		B9B9057D262A96B000D1FFBD /* Preview Assets.xcassets in Resources */ = {isa = PBXBuildFile; fileRef = B9B9057C262A96B000D1FFBD /* Preview Assets.xcassets */; };
		B9C50751262B741100137B37 /* GoogleService-Info.plist in Resources */ = {isa = PBXBuildFile; fileRef = B9C50750262B741000137B37 /* GoogleService-Info.plist */; };
/* End PBXBuildFile section */

/* Begin PBXFileReference section */
		17DAFB0A88B9A6754173A21E /* Pods-LoginSwiftUI2.release.xcconfig */ = {isa = PBXFileReference; includeInIndex = 1; lastKnownFileType = text.xcconfig; name = "Pods-LoginSwiftUI2.release.xcconfig"; path = "Target Support Files/Pods-LoginSwiftUI2/Pods-LoginSwiftUI2.release.xcconfig"; sourceTree = "<group>"; };
		26F2BE69B9A1DD4C6256FC6C /* Pods-LoginSwiftUI2.debug.xcconfig */ = {isa = PBXFileReference; includeInIndex = 1; lastKnownFileType = text.xcconfig; name = "Pods-LoginSwiftUI2.debug.xcconfig"; path = "Target Support Files/Pods-LoginSwiftUI2/Pods-LoginSwiftUI2.debug.xcconfig"; sourceTree = "<group>"; };
		7E17AFF90285F38FCD14B6F1 /* Pods_LoginSwiftUI2.framework */ = {isa = PBXFileReference; explicitFileType = wrapper.framework; includeInIndex = 0; path = Pods_LoginSwiftUI2.framework; sourceTree = BUILT_PRODUCTS_DIR; };
		B9B90572262A96AE00D1FFBD /* LoginSwiftUI2.app */ = {isa = PBXFileReference; explicitFileType = wrapper.application; includeInIndex = 0; path = LoginSwiftUI2.app; sourceTree = BUILT_PRODUCTS_DIR; };
		B9B90575262A96AE00D1FFBD /* LoginSwiftUI2App.swift */ = {isa = PBXFileReference; lastKnownFileType = sourcecode.swift; path = LoginSwiftUI2App.swift; sourceTree = "<group>"; };
		B9B90577262A96AE00D1FFBD /* ContentView.swift */ = {isa = PBXFileReference; lastKnownFileType = sourcecode.swift; path = ContentView.swift; sourceTree = "<group>"; };
		B9B90579262A96B000D1FFBD /* Assets.xcassets */ = {isa = PBXFileReference; lastKnownFileType = folder.assetcatalog; path = Assets.xcassets; sourceTree = "<group>"; };
		B9B9057C262A96B000D1FFBD /* Preview Assets.xcassets */ = {isa = PBXFileReference; lastKnownFileType = folder.assetcatalog; path = "Preview Assets.xcassets"; sourceTree = "<group>"; };
		B9B9057E262A96B000D1FFBD /* Info.plist */ = {isa = PBXFileReference; lastKnownFileType = text.plist.xml; path = Info.plist; sourceTree = "<group>"; };
		B9C50750262B741000137B37 /* GoogleService-Info.plist */ = {isa = PBXFileReference; fileEncoding = 4; lastKnownFileType = text.plist.xml; path = "GoogleService-Info.plist"; sourceTree = "<group>"; };
/* End PBXFileReference section */

/* Begin PBXFrameworksBuildPhase section */
		B9B9056F262A96AE00D1FFBD /* Frameworks */ = {
			isa = PBXFrameworksBuildPhase;
			buildActionMask = 2147483647;
			files = (
				0EBECCABFB3C2037C0C67A69 /* Pods_LoginSwiftUI2.framework in Frameworks */,
			);
			runOnlyForDeploymentPostprocessing = 0;
		};
/* End PBXFrameworksBuildPhase section */

/* Begin PBXGroup section */
		22365639C3790637C8016B32 /* Frameworks */ = {
			isa = PBXGroup;
			children = (
				7E17AFF90285F38FCD14B6F1 /* Pods_LoginSwiftUI2.framework */,
			);
			name = Frameworks;
			sourceTree = "<group>";
		};
		9CDC079B35ADE48D6A0C6C59 /* Pods */ = {
			isa = PBXGroup;
			children = (
				26F2BE69B9A1DD4C6256FC6C /* Pods-LoginSwiftUI2.debug.xcconfig */,
				17DAFB0A88B9A6754173A21E /* Pods-LoginSwiftUI2.release.xcconfig */,
			);
			name = Pods;
			path = Pods;
			sourceTree = "<group>";
		};
		B9B90569262A96AE00D1FFBD = {
			isa = PBXGroup;
			children = (
				B9B90574262A96AE00D1FFBD /* LoginSwiftUI2 */,
				B9B90573262A96AE00D1FFBD /* Products */,
				9CDC079B35ADE48D6A0C6C59 /* Pods */,
				22365639C3790637C8016B32 /* Frameworks */,
			);
			sourceTree = "<group>";
		};
		B9B90573262A96AE00D1FFBD /* Products */ = {
			isa = PBXGroup;
			children = (
				B9B90572262A96AE00D1FFBD /* LoginSwiftUI2.app */,
			);
			name = Products;
			sourceTree = "<group>";
		};
		B9B90574262A96AE00D1FFBD /* LoginSwiftUI2 */ = {
			isa = PBXGroup;
			children = (
				B9B90575262A96AE00D1FFBD /* LoginSwiftUI2App.swift */,
				B9B90577262A96AE00D1FFBD /* ContentView.swift */,
				B9B90579262A96B000D1FFBD /* Assets.xcassets */,
				B9B9057E262A96B000D1FFBD /* Info.plist */,
				B9C50750262B741000137B37 /* GoogleService-Info.plist */,
				B9B9057B262A96B000D1FFBD /* Preview Content */,
			);
			path = LoginSwiftUI2;
			sourceTree = "<group>";
		};
		B9B9057B262A96B000D1FFBD /* Preview Content */ = {
			isa = PBXGroup;
			children = (
				B9B9057C262A96B000D1FFBD /* Preview Assets.xcassets */,
			);
			path = "Preview Content";
			sourceTree = "<group>";
		};
/* End PBXGroup section */

/* Begin PBXNativeTarget section */
		B9B90571262A96AE00D1FFBD /* LoginSwiftUI2 */ = {
			isa = PBXNativeTarget;
			buildConfigurationList = B9B90581262A96B000D1FFBD /* Build configuration list for PBXNativeTarget "LoginSwiftUI2" */;
			buildPhases = (
				47FA4A97622BF83AE92C130F /* [CP] Check Pods Manifest.lock */,
				B9B9056E262A96AE00D1FFBD /* Sources */,
				B9B9056F262A96AE00D1FFBD /* Frameworks */,
				B9B90570262A96AE00D1FFBD /* Resources */,
				7080A5421D9C3087F6289189 /* [CP] Embed Pods Frameworks */,
			);
			buildRules = (
			);
			dependencies = (
			);
			name = LoginSwiftUI2;
			productName = LoginSwiftUI2;
			productReference = B9B90572262A96AE00D1FFBD /* LoginSwiftUI2.app */;
			productType = "com.apple.product-type.application";
		};
/* End PBXNativeTarget section */

/* Begin PBXProject section */
		B9B9056A262A96AE00D1FFBD /* Project object */ = {
			isa = PBXProject;
			attributes = {
				LastSwiftUpdateCheck = 1240;
				LastUpgradeCheck = 1240;
				TargetAttributes = {
					B9B90571262A96AE00D1FFBD = {
						CreatedOnToolsVersion = 12.4;
					};
				};
			};
			buildConfigurationList = B9B9056D262A96AE00D1FFBD /* Build configuration list for PBXProject "LoginSwiftUI2" */;
			compatibilityVersion = "Xcode 9.3";
			developmentRegion = en;
			hasScannedForEncodings = 0;
			knownRegions = (
				en,
				Base,
			);
			mainGroup = B9B90569262A96AE00D1FFBD;
			productRefGroup = B9B90573262A96AE00D1FFBD /* Products */;
			projectDirPath = "";
			projectRoot = "";
			targets = (
				B9B90571262A96AE00D1FFBD /* LoginSwiftUI2 */,
			);
		};
/* End PBXProject section */

/* Begin PBXResourcesBuildPhase section */
		B9B90570262A96AE00D1FFBD /* Resources */ = {
			isa = PBXResourcesBuildPhase;
			buildActionMask = 2147483647;
			files = (
				B9B9057D262A96B000D1FFBD /* Preview Assets.xcassets in Resources */,
				B9B9057A262A96B000D1FFBD /* Assets.xcassets in Resources */,
				B9C50751262B741100137B37 /* GoogleService-Info.plist in Resources */,
			);
			runOnlyForDeploymentPostprocessing = 0;
		};
/* End PBXResourcesBuildPhase section */

/* Begin PBXShellScriptBuildPhase section */
		47FA4A97622BF83AE92C130F /* [CP] Check Pods Manifest.lock */ = {
			isa = PBXShellScriptBuildPhase;
			buildActionMask = 2147483647;
			files = (
			);
			inputFileListPaths = (
			);
			inputPaths = (
				"${PODS_PODFILE_DIR_PATH}/Podfile.lock",
				"${PODS_ROOT}/Manifest.lock",
			);
			name = "[CP] Check Pods Manifest.lock";
			outputFileListPaths = (
			);
			outputPaths = (
				"$(DERIVED_FILE_DIR)/Pods-LoginSwiftUI2-checkManifestLockResult.txt",
			);
			runOnlyForDeploymentPostprocessing = 0;
			shellPath = /bin/sh;
			shellScript = "diff \"${PODS_PODFILE_DIR_PATH}/Podfile.lock\" \"${PODS_ROOT}/Manifest.lock\" > /dev/null\nif [ $? != 0 ] ; then\n    # print error to STDERR\n    echo \"error: The sandbox is not in sync with the Podfile.lock. Run 'pod install' or update your CocoaPods installation.\" >&2\n    exit 1\nfi\n# This output is used by Xcode 'outputs' to avoid re-running this script phase.\necho \"SUCCESS\" > \"${SCRIPT_OUTPUT_FILE_0}\"\n";
			showEnvVarsInLog = 0;
		};
		7080A5421D9C3087F6289189 /* [CP] Embed Pods Frameworks */ = {
			isa = PBXShellScriptBuildPhase;
			buildActionMask = 2147483647;
			files = (
			);
			inputFileListPaths = (
				"${PODS_ROOT}/Target Support Files/Pods-LoginSwiftUI2/Pods-LoginSwiftUI2-frameworks-${CONFIGURATION}-input-files.xcfilelist",
			);
			name = "[CP] Embed Pods Frameworks";
			outputFileListPaths = (
				"${PODS_ROOT}/Target Support Files/Pods-LoginSwiftUI2/Pods-LoginSwiftUI2-frameworks-${CONFIGURATION}-output-files.xcfilelist",
			);
			runOnlyForDeploymentPostprocessing = 0;
			shellPath = /bin/sh;
			shellScript = "\"${PODS_ROOT}/Target Support Files/Pods-LoginSwiftUI2/Pods-LoginSwiftUI2-frameworks.sh\"\n";
			showEnvVarsInLog = 0;
		};
/* End PBXShellScriptBuildPhase section */

/* Begin PBXSourcesBuildPhase section */
		B9B9056E262A96AE00D1FFBD /* Sources */ = {
			isa = PBXSourcesBuildPhase;
			buildActionMask = 2147483647;
			files = (
				B9B90578262A96AE00D1FFBD /* ContentView.swift in Sources */,
				B9B90576262A96AE00D1FFBD /* LoginSwiftUI2App.swift in Sources */,
			);
			runOnlyForDeploymentPostprocessing = 0;
		};
/* End PBXSourcesBuildPhase section */

/* Begin XCBuildConfiguration section */
		B9B9057F262A96B000D1FFBD /* Debug */ = {
			isa = XCBuildConfiguration;
			buildSettings = {
				ALWAYS_SEARCH_USER_PATHS = NO;
				CLANG_ANALYZER_NONNULL = YES;
				CLANG_ANALYZER_NUMBER_OBJECT_CONVERSION = YES_AGGRESSIVE;
				CLANG_CXX_LANGUAGE_STANDARD = "gnu++14";
				CLANG_CXX_LIBRARY = "libc++";
				CLANG_ENABLE_MODULES = YES;
				CLANG_ENABLE_OBJC_ARC = YES;
				CLANG_ENABLE_OBJC_WEAK = YES;
				CLANG_WARN_BLOCK_CAPTURE_AUTORELEASING = YES;
				CLANG_WARN_BOOL_CONVERSION = YES;
				CLANG_WARN_COMMA = YES;
				CLANG_WARN_CONSTANT_CONVERSION = YES;
				CLANG_WARN_DEPRECATED_OBJC_IMPLEMENTATIONS = YES;
				CLANG_WARN_DIRECT_OBJC_ISA_USAGE = YES_ERROR;
				CLANG_WARN_DOCUMENTATION_COMMENTS = YES;
				CLANG_WARN_EMPTY_BODY = YES;
				CLANG_WARN_ENUM_CONVERSION = YES;
				CLANG_WARN_INFINITE_RECURSION = YES;
				CLANG_WARN_INT_CONVERSION = YES;
				CLANG_WARN_NON_LITERAL_NULL_CONVERSION = YES;
				CLANG_WARN_OBJC_IMPLICIT_RETAIN_SELF = YES;
				CLANG_WARN_OBJC_LITERAL_CONVERSION = YES;
				CLANG_WARN_OBJC_ROOT_CLASS = YES_ERROR;
				CLANG_WARN_QUOTED_INCLUDE_IN_FRAMEWORK_HEADER = YES;
				CLANG_WARN_RANGE_LOOP_ANALYSIS = YES;
				CLANG_WARN_STRICT_PROTOTYPES = YES;
				CLANG_WARN_SUSPICIOUS_MOVE = YES;
				CLANG_WARN_UNGUARDED_AVAILABILITY = YES_AGGRESSIVE;
				CLANG_WARN_UNREACHABLE_CODE = YES;
				CLANG_WARN__DUPLICATE_METHOD_MATCH = YES;
				COPY_PHASE_STRIP = NO;
				DEBUG_INFORMATION_FORMAT = dwarf;
				ENABLE_STRICT_OBJC_MSGSEND = YES;
				ENABLE_TESTABILITY = YES;
				GCC_C_LANGUAGE_STANDARD = gnu11;
				GCC_DYNAMIC_NO_PIC = NO;
				GCC_NO_COMMON_BLOCKS = YES;
				GCC_OPTIMIZATION_LEVEL = 0;
				GCC_PREPROCESSOR_DEFINITIONS = (
					"DEBUG=1",
					"$(inherited)",
				);
				GCC_WARN_64_TO_32_BIT_CONVERSION = YES;
				GCC_WARN_ABOUT_RETURN_TYPE = YES_ERROR;
				GCC_WARN_UNDECLARED_SELECTOR = YES;
				GCC_WARN_UNINITIALIZED_AUTOS = YES_AGGRESSIVE;
				GCC_WARN_UNUSED_FUNCTION = YES;
				GCC_WARN_UNUSED_VARIABLE = YES;
				IPHONEOS_DEPLOYMENT_TARGET = 14.4;
				MTL_ENABLE_DEBUG_INFO = INCLUDE_SOURCE;
				MTL_FAST_MATH = YES;
				ONLY_ACTIVE_ARCH = YES;
				SDKROOT = iphoneos;
				SWIFT_ACTIVE_COMPILATION_CONDITIONS = DEBUG;
				SWIFT_OPTIMIZATION_LEVEL = "-Onone";
			};
			name = Debug;
		};
		B9B90580262A96B000D1FFBD /* Release */ = {
			isa = XCBuildConfiguration;
			buildSettings = {
				ALWAYS_SEARCH_USER_PATHS = NO;
				CLANG_ANALYZER_NONNULL = YES;
				CLANG_ANALYZER_NUMBER_OBJECT_CONVERSION = YES_AGGRESSIVE;
				CLANG_CXX_LANGUAGE_STANDARD = "gnu++14";
				CLANG_CXX_LIBRARY = "libc++";
				CLANG_ENABLE_MODULES = YES;
				CLANG_ENABLE_OBJC_ARC = YES;
				CLANG_ENABLE_OBJC_WEAK = YES;
				CLANG_WARN_BLOCK_CAPTURE_AUTORELEASING = YES;
				CLANG_WARN_BOOL_CONVERSION = YES;
				CLANG_WARN_COMMA = YES;
				CLANG_WARN_CONSTANT_CONVERSION = YES;
				CLANG_WARN_DEPRECATED_OBJC_IMPLEMENTATIONS = YES;
				CLANG_WARN_DIRECT_OBJC_ISA_USAGE = YES_ERROR;
				CLANG_WARN_DOCUMENTATION_COMMENTS = YES;
				CLANG_WARN_EMPTY_BODY = YES;
				CLANG_WARN_ENUM_CONVERSION = YES;
				CLANG_WARN_INFINITE_RECURSION = YES;
				CLANG_WARN_INT_CONVERSION = YES;
				CLANG_WARN_NON_LITERAL_NULL_CONVERSION = YES;
				CLANG_WARN_OBJC_IMPLICIT_RETAIN_SELF = YES;
				CLANG_WARN_OBJC_LITERAL_CONVERSION = YES;
				CLANG_WARN_OBJC_ROOT_CLASS = YES_ERROR;
				CLANG_WARN_QUOTED_INCLUDE_IN_FRAMEWORK_HEADER = YES;
				CLANG_WARN_RANGE_LOOP_ANALYSIS = YES;
				CLANG_WARN_STRICT_PROTOTYPES = YES;
				CLANG_WARN_SUSPICIOUS_MOVE = YES;
				CLANG_WARN_UNGUARDED_AVAILABILITY = YES_AGGRESSIVE;
				CLANG_WARN_UNREACHABLE_CODE = YES;
				CLANG_WARN__DUPLICATE_METHOD_MATCH = YES;
				COPY_PHASE_STRIP = NO;
				DEBUG_INFORMATION_FORMAT = "dwarf-with-dsym";
				ENABLE_NS_ASSERTIONS = NO;
				ENABLE_STRICT_OBJC_MSGSEND = YES;
				GCC_C_LANGUAGE_STANDARD = gnu11;
				GCC_NO_COMMON_BLOCKS = YES;
				GCC_WARN_64_TO_32_BIT_CONVERSION = YES;
				GCC_WARN_ABOUT_RETURN_TYPE = YES_ERROR;
				GCC_WARN_UNDECLARED_SELECTOR = YES;
				GCC_WARN_UNINITIALIZED_AUTOS = YES_AGGRESSIVE;
				GCC_WARN_UNUSED_FUNCTION = YES;
				GCC_WARN_UNUSED_VARIABLE = YES;
				IPHONEOS_DEPLOYMENT_TARGET = 14.4;
				MTL_ENABLE_DEBUG_INFO = NO;
				MTL_FAST_MATH = YES;
				SDKROOT = iphoneos;
				SWIFT_COMPILATION_MODE = wholemodule;
				SWIFT_OPTIMIZATION_LEVEL = "-O";
				VALIDATE_PRODUCT = YES;
			};
			name = Release;
		};
		B9B90582262A96B000D1FFBD /* Debug */ = {
			isa = XCBuildConfiguration;
			baseConfigurationReference = 26F2BE69B9A1DD4C6256FC6C /* Pods-LoginSwiftUI2.debug.xcconfig */;
			buildSettings = {
				ASSETCATALOG_COMPILER_APPICON_NAME = AppIcon;
				ASSETCATALOG_COMPILER_GLOBAL_ACCENT_COLOR_NAME = AccentColor;
				CODE_SIGN_STYLE = Automatic;
				DEVELOPMENT_ASSET_PATHS = "\"LoginSwiftUI2/Preview Content\"";
				DEVELOPMENT_TEAM = NQDDFS7498;
				ENABLE_PREVIEWS = YES;
				INFOPLIST_FILE = LoginSwiftUI2/Info.plist;
				IPHONEOS_DEPLOYMENT_TARGET = 14.0;
				LD_RUNPATH_SEARCH_PATHS = (
					"$(inherited)",
					"@executable_path/Frameworks",
				);
				PRODUCT_BUNDLE_IDENTIFIER = com.godevs.LoginSwiftUI2;
				PRODUCT_NAME = "$(TARGET_NAME)";
				SWIFT_VERSION = 5.0;
				TARGETED_DEVICE_FAMILY = "1,2";
			};
			name = Debug;
		};
		B9B90583262A96B000D1FFBD /* Release */ = {
			isa = XCBuildConfiguration;
			baseConfigurationReference = 17DAFB0A88B9A6754173A21E /* Pods-LoginSwiftUI2.release.xcconfig */;
			buildSettings = {
				ASSETCATALOG_COMPILER_APPICON_NAME = AppIcon;
				ASSETCATALOG_COMPILER_GLOBAL_ACCENT_COLOR_NAME = AccentColor;
				CODE_SIGN_STYLE = Automatic;
				DEVELOPMENT_ASSET_PATHS = "\"LoginSwiftUI2/Preview Content\"";
				DEVELOPMENT_TEAM = NQDDFS7498;
				ENABLE_PREVIEWS = YES;
				INFOPLIST_FILE = LoginSwiftUI2/Info.plist;
				IPHONEOS_DEPLOYMENT_TARGET = 14.0;
				LD_RUNPATH_SEARCH_PATHS = (
					"$(inherited)",
					"@executable_path/Frameworks",
				);
				PRODUCT_BUNDLE_IDENTIFIER = com.godevs.LoginSwiftUI2;
				PRODUCT_NAME = "$(TARGET_NAME)";
				SWIFT_VERSION = 5.0;
				TARGETED_DEVICE_FAMILY = "1,2";
			};
			name = Release;
		};
/* End XCBuildConfiguration section */

/* Begin XCConfigurationList section */
		B9B9056D262A96AE00D1FFBD /* Build configuration list for PBXProject "LoginSwiftUI2" */ = {
			isa = XCConfigurationList;
			buildConfigurations = (
				B9B9057F262A96B000D1FFBD /* Debug */,
				B9B90580262A96B000D1FFBD /* Release */,
			);
			defaultConfigurationIsVisible = 0;
			defaultConfigurationName = Release;
		};
		B9B90581262A96B000D1FFBD /* Build configuration list for PBXNativeTarget "LoginSwiftUI2" */ = {
			isa = XCConfigurationList;
			buildConfigurations = (
				B9B90582262A96B000D1FFBD /* Debug */,
				B9B90583262A96B000D1FFBD /* Release */,
			);
			defaultConfigurationIsVisible = 0;
			defaultConfigurationName = Release;
		};
/* End XCConfigurationList section */
	};
	rootObject = B9B9056A262A96AE00D1FFBD /* Project object */;
}
